# This file was autogenerated by uv via the following command:
#    uv pip compile requirements.txt --generate-hashes --universal --python-version 3.12 -o requirements.lock
absl-py==2.4.0 \
    --hash=sha256:88476fd881ca8aab94ffa78b7b6c632a782ab3ba1cd19c9bd423abc4fb4cd28d \
    --hash=sha256:8c6af82722b35cf71e0f4d1d47dcaebfff286e27110a99fc359349b247dfb5d4
    # via ortools
anyio==4.13.0 \
    --hash=sha256:08b310f9e24a9594186fd75b4f73f4a4152069e3853f1ed8bfbf58369f4ad708 \
    --hash=sha256:334b70e641fd2221c1505b3890c69882fe4a2df910cba14d97019b90b24439dc
    # via httpx
bottle==0.13.4 \
    --hash=sha256:045684fbd2764eac9cdeb824861d1551d113e8b683d8d26e296898d3dd99a12e \
    --hash=sha256:787e78327e12b227938de02248333d788cfe45987edca735f8f88e03472c3f47
    # via pywebview
certifi==2026.5.20 \
    --hash=sha256:3c52e209ba0a4ad7aebe60436a4ab349c39e1e602e8c134221e546902ad25897 \
    --hash=sha256:69dea482ab64caa7b9f6aba1c6bf48bb6a5448d1c0f1b17ab42ad8c763a5344d
    # via
    #   httpcore
    #   httpx
cffi==2.0.0 ; sys_platform == 'win32' \
    --hash=sha256:00bdf7acc5f795150faa6957054fbbca2439db2f775ce831222b66f192f03beb \
    --hash=sha256:07b271772c100085dd28b74fa0cd81c8fb1a3ba18b21e03d7c27f3436a10606b \
    --hash=sha256:087067fa8953339c723661eda6b54bc98c5625757ea62e95eb4898ad5e776e9f \
    --hash=sha256:0a1527a803f0a659de1af2e1fd700213caba79377e27e4693648c2923da066f9 \
    --hash=sha256:0cf2d91ecc3fcc0625c2c530fe004f82c110405f101548512cce44322fa8ac44 \
    --hash=sha256:0f6084a0ea23d05d20c3edcda20c3d006f9b6f3fefeac38f59262e10cef47ee2 \
    --hash=sha256:12873ca6cb9b0f0d3a0da705d6086fe911591737a59f28b7936bdfed27c0d47c \
    --hash=sha256:19f705ada2530c1167abacb171925dd886168931e0a7b78f5bffcae5c6b5be75 \
    --hash=sha256:1cd13c99ce269b3ed80b417dcd591415d3372bcac067009b6e0f59c7d4015e65 \
    --hash=sha256:1e3a615586f05fc4065a8b22b8152f0c1b00cdbc60596d187c2a74f9e3036e4e \
    --hash=sha256:1f72fb8906754ac8a2cc3f9f5aaa298070652a0ffae577e0ea9bd480dc3c931a \
    --hash=sha256:1fc9ea04857caf665289b7a75923f2c6ed559b8298a1b8c49e59f7dd95c8481e \
    --hash=sha256:203a48d1fb583fc7d78a4c6655692963b860a417c0528492a6bc21f1aaefab25 \
    --hash=sha256:2081580ebb843f759b9f617314a24ed5738c51d2aee65d31e02f6f7a2b97707a \
    --hash=sha256:21d1152871b019407d8ac3985f6775c079416c282e431a4da6afe7aefd2bccbe \
    --hash=sha256:24b6f81f1983e6df8db3adc38562c83f7d4a0c36162885ec7f7b77c7dcbec97b \
    --hash=sha256:256f80b80ca3853f90c21b23ee78cd008713787b1b1e93eae9f3d6a7134abd91 \
    --hash=sha256:28a3a209b96630bca57cce802da70c266eb08c6e97e5afd61a75611ee6c64592 \
    --hash=sha256:2c8f814d84194c9ea681642fd164267891702542f028a15fc97d4674b6206187 \
    --hash=sha256:2de9a304e27f7596cd03d16f1b7c72219bd944e99cc52b84d0145aefb07cbd3c \
    --hash=sha256:38100abb9d1b1435bc4cc340bb4489635dc2f0da7456590877030c9b3d40b0c1 \
    --hash=sha256:3925dd22fa2b7699ed2617149842d2e6adde22b262fcbfada50e3d195e4b3a94 \
    --hash=sha256:3e17ed538242334bf70832644a32a7aae3d83b57567f9fd60a26257e992b79ba \
    --hash=sha256:3e837e369566884707ddaf85fc1744b47575005c0a229de3327f8f9a20f4efeb \
    --hash=sha256:3f4d46d8b35698056ec29bca21546e1551a205058ae1a181d871e278b0b28165 \
    --hash=sha256:44d1b5909021139fe36001ae048dbdde8214afa20200eda0f64c068cac5d5529 \
    --hash=sha256:45d5e886156860dc35862657e1494b9bae8dfa63bf56796f2fb56e1679fc0bca \
    --hash=sha256:4647afc2f90d1ddd33441e5b0e85b16b12ddec4fca55f0d9671fef036ecca27c \
    --hash=sha256:4671d9dd5ec934cb9a73e7ee9676f9362aba54f7f34910956b84d727b0d73fb6 \
    --hash=sha256:53f77cbe57044e88bbd5ed26ac1d0514d2acf0591dd6bb02a3ae37f76811b80c \
    --hash=sha256:5eda85d6d1879e692d546a078b44251cdd08dd1cfb98dfb77b670c97cee49ea0 \
    --hash=sha256:5fed36fccc0612a53f1d4d9a816b50a36702c28a2aa880cb8a122b3466638743 \
    --hash=sha256:61d028e90346df14fedc3d1e5441df818d095f3b87d286825dfcbd6459b7ef63 \
    --hash=sha256:66f011380d0e49ed280c789fbd08ff0d40968ee7b665575489afa95c98196ab5 \
    --hash=sha256:6824f87845e3396029f3820c206e459ccc91760e8fa24422f8b0c3d1731cbec5 \
    --hash=sha256:6c6c373cfc5c83a975506110d17457138c8c63016b563cc9ed6e056a82f13ce4 \
    --hash=sha256:6d02d6655b0e54f54c4ef0b94eb6be0607b70853c45ce98bd278dc7de718be5d \
    --hash=sha256:6d50360be4546678fc1b79ffe7a66265e28667840010348dd69a314145807a1b \
    --hash=sha256:730cacb21e1bdff3ce90babf007d0a0917cc3e6492f336c2f0134101e0944f93 \
    --hash=sha256:737fe7d37e1a1bffe70bd5754ea763a62a066dc5913ca57e957824b72a85e205 \
    --hash=sha256:74a03b9698e198d47562765773b4a8309919089150a0bb17d829ad7b44b60d27 \
    --hash=sha256:7553fb2090d71822f02c629afe6042c299edf91ba1bf94951165613553984512 \
    --hash=sha256:7a66c7204d8869299919db4d5069a82f1561581af12b11b3c9f48c584eb8743d \
    --hash=sha256:7cc09976e8b56f8cebd752f7113ad07752461f48a58cbba644139015ac24954c \
    --hash=sha256:81afed14892743bbe14dacb9e36d9e0e504cd204e0b165062c488942b9718037 \
    --hash=sha256:8941aaadaf67246224cee8c3803777eed332a19d909b47e29c9842ef1e79ac26 \
    --hash=sha256:89472c9762729b5ae1ad974b777416bfda4ac5642423fa93bd57a09204712322 \
    --hash=sha256:8ea985900c5c95ce9db1745f7933eeef5d314f0565b27625d9a10ec9881e1bfb \
    --hash=sha256:8eca2a813c1cb7ad4fb74d368c2ffbbb4789d377ee5bb8df98373c2cc0dee76c \
    --hash=sha256:92b68146a71df78564e4ef48af17551a5ddd142e5190cdf2c5624d0c3ff5b2e8 \
    --hash=sha256:9332088d75dc3241c702d852d4671613136d90fa6881da7d770a483fd05248b4 \
    --hash=sha256:94698a9c5f91f9d138526b48fe26a199609544591f859c870d477351dc7b2414 \
    --hash=sha256:9a67fc9e8eb39039280526379fb3a70023d77caec1852002b4da7e8b270c4dd9 \
    --hash=sha256:9de40a7b0323d889cf8d23d1ef214f565ab154443c42737dfe52ff82cf857664 \
    --hash=sha256:a05d0c237b3349096d3981b727493e22147f934b20f6f125a3eba8f994bec4a9 \
    --hash=sha256:afb8db5439b81cf9c9d0c80404b60c3cc9c3add93e114dcae767f1477cb53775 \
    --hash=sha256:b18a3ed7d5b3bd8d9ef7a8cb226502c6bf8308df1525e1cc676c3680e7176739 \
    --hash=sha256:b1e74d11748e7e98e2f426ab176d4ed720a64412b6a15054378afdb71e0f37dc \
    --hash=sha256:b21e08af67b8a103c71a250401c78d5e0893beff75e28c53c98f4de42f774062 \
    --hash=sha256:b4c854ef3adc177950a8dfc81a86f5115d2abd545751a304c5bcf2c2c7283cfe \
    --hash=sha256:b882b3df248017dba09d6b16defe9b5c407fe32fc7c65a9c69798e6175601be9 \
    --hash=sha256:baf5215e0ab74c16e2dd324e8ec067ef59e41125d3eade2b863d294fd5035c92 \
    --hash=sha256:c649e3a33450ec82378822b3dad03cc228b8f5963c0c12fc3b1e0ab940f768a5 \
    --hash=sha256:c654de545946e0db659b3400168c9ad31b5d29593291482c43e3564effbcee13 \
    --hash=sha256:c6638687455baf640e37344fe26d37c404db8b80d037c3d29f58fe8d1c3b194d \
    --hash=sha256:c8d3b5532fc71b7a77c09192b4a5a200ea992702734a2e9279a37f2478236f26 \
    --hash=sha256:cb527a79772e5ef98fb1d700678fe031e353e765d1ca2d409c92263c6d43e09f \
    --hash=sha256:cf364028c016c03078a23b503f02058f1814320a56ad535686f90565636a9495 \
    --hash=sha256:d48a880098c96020b02d5a1f7d9251308510ce8858940e6fa99ece33f610838b \
    --hash=sha256:d68b6cef7827e8641e8ef16f4494edda8b36104d79773a334beaa1e3521430f6 \
    --hash=sha256:d9b29c1f0ae438d5ee9acb31cadee00a58c46cc9c0b2f9038c6b0b3470877a8c \
    --hash=sha256:d9b97165e8aed9272a6bb17c01e3cc5871a594a446ebedc996e2397a1c1ea8ef \
    --hash=sha256:da68248800ad6320861f129cd9c1bf96ca849a2771a59e0344e88681905916f5 \
    --hash=sha256:da902562c3e9c550df360bfa53c035b2f241fed6d9aef119048073680ace4a18 \
    --hash=sha256:dbd5c7a25a7cb98f5ca55d258b103a2054f859a46ae11aaf23134f9cc0d356ad \
    --hash=sha256:dd4f05f54a52fb558f1ba9f528228066954fee3ebe629fc1660d874d040ae5a3 \
    --hash=sha256:de8dad4425a6ca6e4e5e297b27b5c824ecc7581910bf9aee86cb6835e6812aa7 \
    --hash=sha256:e11e82b744887154b182fd3e7e8512418446501191994dbf9c9fc1f32cc8efd5 \
    --hash=sha256:e6e73b9e02893c764e7e8d5bb5ce277f1a009cd5243f8228f75f842bf937c534 \
    --hash=sha256:f73b96c41e3b2adedc34a7356e64c8eb96e03a3782b535e043a986276ce12a49 \
    --hash=sha256:f93fd8e5c8c0a4aa1f424d6173f14a892044054871c771f8566e4008eaa359d2 \
    --hash=sha256:fc33c5141b55ed366cfaad382df24fe7dcbc686de5be719b207bb248e3053dc5 \
    --hash=sha256:fc7de24befaeae77ba923797c7c87834c73648a05a4bde34b3b7e5588973a453 \
    --hash=sha256:fe562eb1a64e67dd297ccc4f5addea2501664954f2692b69a76449ec7913ecbf
    # via clr-loader
clr-loader==0.3.1 ; sys_platform == 'win32' \
    --hash=sha256:2e073e9aaf49d1ae2f56ecba27987ad5fb68be4bcd9dd34a5bed8f0e4e128366 \
    --hash=sha256:cbad189de20d202a7d621956b0fc38049e13c9bf7ca2923441eff725cd121aa1
    # via pythonnet
colorama==0.4.6 ; sys_platform == 'win32' \
    --hash=sha256:08695f5cb7ed6e0531a20572697297273c47b8cae5a63ffc6d6ed5c201be6e44 \
    --hash=sha256:4f1d9991f5acc0ca119f9d443620b77f9d6b33703e51011c16baf57afb285fc6
    # via pytest
et-xmlfile==2.0.0 \
    --hash=sha256:7a91720bc756843502c3b7504c77b8fe44217c85c537d85037f0f536151b2caa \
    --hash=sha256:dab3f4764309081ce75662649be815c4c9081e88f0837825f90fd28317d4da54
    # via openpyxl
h11==0.16.0 \
    --hash=sha256:4e35b956cf45792e4caa5885e69fba00bdbc6ffafbfa020300e549b208ee5ff1 \
    --hash=sha256:63cf8bbe7522de3bf65932fda1d9c2772064ffb3dae62d55932da54b31cb6c86
    # via httpcore
httpcore==1.0.9 \
    --hash=sha256:2d400746a40668fc9dec9810239072b40b4484b640a8c38fd654a024c7a1bf55 \
    --hash=sha256:6e34463af53fd2ab5d807f399a9b45ea31c3dfa2276f15a2c3f00afff6e176e8
    # via httpx
httpx==0.28.1 \
    --hash=sha256:75e98c5f16b0f35b567856f597f06ff2270a374470a5c2392242528e3e3e42fc \
    --hash=sha256:d909fcccc110f8c7faf814ca82a9a4d816bc5a6dbfea25d6591d6985b8ba59ad
    # via -r requirements.txt
idna==3.17 \
    --hash=sha256:466e48829084efe2548012b855df21540b96f2e20e51bd124c851536556a592c \
    --hash=sha256:5eb0cb53bc467c12eadcf6de83163ad8527cec9416f44b9b61b19caedad2b87f
    # via
    #   anyio
    #   httpx
immutabledict==4.3.1 \
    --hash=sha256:c9facdc0ff30fdb8e35bd16532026cac472a549e182c94fa201b51b25e4bf7bf \
    --hash=sha256:f844a669106cfdc73f47b1a9da003782fb17dc955a54c80972e0d93d1c63c514
    # via ortools
iniconfig==2.3.0 \
    --hash=sha256:c76315c77db068650d49c5b56314774a7804df16fee4402c1f19d6d15d8c4730 \
    --hash=sha256:f631c04d2c48c52b84d0d0549c99ff3859c98df65b3101406327ecc7d53fbf12
    # via pytest
numpy==2.4.6 \
    --hash=sha256:001fbb8e08d942dd57599e781f2472269ee7f2755fae407b4f67b2f0b17da3f1 \
    --hash=sha256:0280e0356c0829a18d9de1cb7eee50ec22ca639878d7240307ca0943d73cd2c4 \
    --hash=sha256:043191bfa8eab18c776647b62723ac9dddece59743b13f49b2016094129c2b3f \
    --hash=sha256:06ca2f61ec4385a07a6977c55ba998a4466c123642b4a32694d3128fce18c079 \
    --hash=sha256:0a041d3d761dc3c35cc56ce0351506a02bcbc25f7b169f652435141a17db9096 \
    --hash=sha256:0ab0a9c4ffb1a6d95ef519fe4247dba8eb6b18ad93999f76b7f657039acabd47 \
    --hash=sha256:0c9136e14ed34a9e343a31c533d78a9813a69a3148332bce5e9821cb2f996e66 \
    --hash=sha256:110f8b71aacb688ec69062bb7f6938a0f8acb01b7c1c4beb453c65b6d234584d \
    --hash=sha256:112b06a867b235ef466ed3508ddf0238050df9c727cafb5301ac385b899189a1 \
    --hash=sha256:17f9ade344e7d9b464a084d69bcf18fc691cb1db67c62ed80820bf4926d78f0e \
    --hash=sha256:1e254a00cdf42b1e4d5b3d68d33af63268d41340d8885df2ab6470f2e1500147 \
    --hash=sha256:1e978ec1e8bd0e0e4de6bb75de9d30cbb74db6b6a2bb727618613703ca0167dd \
    --hash=sha256:25c692919ac5a01f170a3bfcd62d745b24fd095c353d50812637d6fcab442e75 \
    --hash=sha256:260a5d70215b61ab4fadf5c7baacd64821842975eea312125ed3c39a6391b063 \
    --hash=sha256:2803abfebfc990042cd494d8ce2d5f82e9d847af6d35ec486923aa19dbad5e73 \
    --hash=sha256:29a287e0cf63ff528da061de6b9f64a4618da591ca1046aafc54062e40ca7eab \
    --hash=sha256:29cb7f67d10b479ff07c17d33e39f78c07f71c40ef30d63c153d340e96cd3fb4 \
    --hash=sha256:3213d622a0283a39a93d188f3cf72b26862df52fbb4ca3697f51705016523d41 \
    --hash=sha256:33111801a01c12a8a1e3721f0a9232f8cfc8ae2c6b7098167e6f623c6073f402 \
    --hash=sha256:357cc07a6d7b0b182ff02249616a03742827ebb1277546b5c7cd7f7620a45698 \
    --hash=sha256:38efbc8de75c7a0fc1ac190162d892787f3f47b57cc291231aafee36b80982b7 \
    --hash=sha256:4081eb135ac24158bd51cdfbef16f1c64df7063b1143f24731387137c092bec8 \
    --hash=sha256:40fdc1ae7125e518ea98e53e69a4ebc27e1fd50510c47b7ea130cf21e5e1d42b \
    --hash=sha256:4cfe66903cc32a9921a6733d96b19bb6abf310397581bbad89c228f5abaf0ee8 \
    --hash=sha256:511dbaf848decaaaf4b4ca48032619fb3138710c4bf7da7617765edad1ef96b0 \
    --hash=sha256:55cced7c52e981362f708ad635198e97a752dfba412cc03c23bbf3bd8d5cd662 \
    --hash=sha256:56b39e5e0622a09a25bf5baf62f4bcf0cb8a41ae6e2819cf49bbc5a74c083f91 \
    --hash=sha256:5dbbdb29840ca3d91ee0fece42fc29278886d908280bfec0a5846c6f901a3eb0 \
    --hash=sha256:5f9fb9157b4ce2971008323afe46053787b526ef624fea915b261468a8421a0f \
    --hash=sha256:6180d8b35af935aed8ece3a85e0a43f87393ae0ac87c8d2c8bd2c993f7270ef3 \
    --hash=sha256:68a5124b13fa6cc2086764a20005d30bc0548146f7f5322f02fce212ca14317f \
    --hash=sha256:68bb27509ac1b9a3443094260f6326150663b06abe40b73a2f81160623da5b67 \
    --hash=sha256:6f41ae150c4e32db4f3310cdaf64b1593a03dbabe29eec77fc9b50fe64061df6 \
    --hash=sha256:7265a2f3d436e54ef9f2b52b5c937e6be778781bd97a590319d7348f1c1ca997 \
    --hash=sha256:72fbe16c6fac95aedf5937fa873445cec2110be35d8a4e9433d7501fd98dae6b \
    --hash=sha256:7d92c3819208a60205a12a245c91ad70cb0a85336659b19b834205573ac8456e \
    --hash=sha256:8155154c7c691289fe18f510b5d4657c68c67989f293f0535a91360392ff6538 \
    --hash=sha256:81a1cca95ed5bb92aa8b10dd2cdc9a0d3853a50fad926c28b5d7e8ea54389627 \
    --hash=sha256:89cd468399cfd2504718f0ba50e410dca55a170b61a02ad92bb18c8a65186e93 \
    --hash=sha256:8ad03c0965fb3c692200e74d458ca28c1dbb4ce96f9a479a8aa041ad5fabca02 \
    --hash=sha256:90f9849678c75fe7afa2d348ac842c168b0a4d3d61919687216dfc547976d853 \
    --hash=sha256:948424b06129ce883307e8cff868c31396d8dc7630a59c61d70d98dbe70f222c \
    --hash=sha256:9cd5ffd25db4e7ba6a375693b3fc0fc1791ec636c17db3720da19bde7180ec43 \
    --hash=sha256:a0df0043bdb289bde1f62da130d20df23d58b45429f752bc7a8fc5325a225ecd \
    --hash=sha256:a2c306dea656c12c68f51f4cea133cbe78ca7435eb28c735eac1d3ebe73be6e8 \
    --hash=sha256:a7830bab239b79cda9c08c2da014761cafb48da6150e1da17ac06283f43b6089 \
    --hash=sha256:a7c711e21628b52034bb5ab8d1bce291f752fcc5e92accc615778acee1ff4778 \
    --hash=sha256:aaf159caa35993cb1f56fb9b8e4610d35758e7ca005412eb1daa856a78c9c4b1 \
    --hash=sha256:ae506e6902902557576a26ff33eda8695e7ecb3cb36c3b573a0765dee114ebdb \
    --hash=sha256:b507f5c4c1d508876d1819b6bf9a49d365b96320b5d4993426b33a23ca4b8261 \
    --hash=sha256:bf162abab1c1a736333192707cef898e735a5ca00f38f27eeedf44b39d9e85eb \
    --hash=sha256:c1a2af6c6ef86344a6b0db6b97834208bf598db514f2b155042439b62605601a \
    --hash=sha256:c2d37ab77531417474168eb79d6d80b14f821a966818505d03013d0833edb7a8 \
    --hash=sha256:c4fc99836233ea196540b17ab0983aff60ed07941751930f5f4d05bc3b3b7359 \
    --hash=sha256:d581b735e177fdcdce6fed8e7e8880a3fb6ee4e3653a3ac6af01c6f4c03effc5 \
    --hash=sha256:d6da64deb6b8ed903e7560180a92f2d804ee1ba5eeb849ac2748b8c1aba1f6d7 \
    --hash=sha256:d8e8286dd7cea7895157318d1b91cdacac64c479f3cbc8dce548331728484751 \
    --hash=sha256:ddea102b48f9e339f3948bf22040944184627a30fdf7f858667673b9c5f033c8 \
    --hash=sha256:dfa20cc6ca228e6b155b11da03825975ce66aea520985dbbddf0f2a5a495c605 \
    --hash=sha256:e3e5193ef5a3dc73bceee50f7fdc2c90dbb76c42df8d8fae3d1067a583df579e \
    --hash=sha256:e3eeb0aabd6bd5ce64faae67e9935203a6991b4bc2a485a767fbafb2c5125f45 \
    --hash=sha256:e5805d5a22fd19c8ccff10a9561f9df94436b0545619ea579db2d3c35294bce2 \
    --hash=sha256:e85b752a1e912b70eaad4fafbd4d1238007ab221de2009b9a2f5ae7461239895 \
    --hash=sha256:eaf7fa2de5c0be8ae6ff8e9bea2ccd725e980541244521d8d4b5f3354a27babe \
    --hash=sha256:ebfb099f8dcf083deef3ac1ca4c1503f387cf76296fcb3816b66f5ecb5f54fdb \
    --hash=sha256:ece3d2cfe132e7d51f44a832b303895e6f2d499c5e74dfbdb06ee246147a304a \
    --hash=sha256:ed9749eef4cbd126da3dc1d6bcb3a57f5eb7ac6a6484146bdbf743f552dfc577 \
    --hash=sha256:ede83e07a75dd06bc501566c1eca2afc0d61677c1472ac9ad93fdee6e638a48d \
    --hash=sha256:ef4aea96ce4d3b074422cb4f2f64e216bf9e213004bb58ecfdf50ea02ea8eb9a \
    --hash=sha256:f3a3570c4a2a16746ac2c31a7c7c7b0c186b95ce902e33db6f28094ed7387dda \
    --hash=sha256:f407cb6b8e9d6d8c626bc73c945db1706035af8fd632295547bf1c9e46d092d6 \
    --hash=sha256:f74a575920ab21fe304421a3fc28793d82e299cae9eccb37084e9fc7f3617c20
    # via
    #   ortools
    #   pandas
openpyxl==3.1.5 \
    --hash=sha256:5282c12b107bffeef825f4617dc029afaf41d0ea60823bbb665ef3079dc79de2 \
    --hash=sha256:cf0e3cf56142039133628b5acffe8ef0c12bc902d2aadd3e0fe5878dc08d1050
    # via -r requirements.txt
ortools==9.15.6755 \
    --hash=sha256:033836c0eb33bc72697a299e0caedbb25fc9d1cee0b13832d69cb30405f57b3e \
    --hash=sha256:03424136aa48555e7f4d1bc73edeb99f80ec35a2e5f17700e2072640344980fc \
    --hash=sha256:076565b803c85c4f87863e0616f537dd37f99c03e6f092e4068404f7b425d2b0 \
    --hash=sha256:0b26655d25ab28030aef30e675e24d96d35940974de3a70ace01cf82ca301b69 \
    --hash=sha256:1a0677270b0cd317a6b8dae42514264eaf5da5756c5bc7215eeea409424577df \
    --hash=sha256:1e16686c2b457fa6242c474ab890ee1712347ab53678e0d2fab307ae03e97a4b \
    --hash=sha256:27a10474e62c9dceed37cfa0e4845c5ffaf792138ebf5b61483771b96f1290b6 \
    --hash=sha256:2d1f2fb2088e8953ccb902e68ffd06032cce0c7dcf7268b6135f3b6c553ca52b \
    --hash=sha256:3cd6bec0a2e00e3891a53e3b436f45a1000269f302085572f49e9856b7f8eaf0 \
    --hash=sha256:487796301fd9dad55f9cf21f9313c834697f74306d1a59f002e152862f8eb1b5 \
    --hash=sha256:4f4964f8ed47ac76b5cfd23238618299f5a3c289d8e0ed66a75885ba9766eb6f \
    --hash=sha256:55e291560d2fdb9590656cbee06ba99ee7f2476bd7d316ff757eeab33e9b20d6 \
    --hash=sha256:5bb2b434f4ae01ce81813d01db722d9dedcc452aede681211ee4d4df8963a410 \
    --hash=sha256:7181183cdcafe2b0d83ca5505b65048c7953dc7b5ad479361dded607964cc1b3 \
    --hash=sha256:73b229dbc2b225441cb3bc5790ea8d55f14e3cd7f32d5185784f60b102308457 \
    --hash=sha256:76150c4dd5927d0ab138344a5121b1f63e32501371ca93e632e2e10d8261064b \
    --hash=sha256:781fb09d6c9f46015291f706bd7c7e0815db1bec6e92c74716342fb7ea2d0532 \
    --hash=sha256:7a85a68ffb3fc1967e78624f40d3707aae459e82e3f2d9fe02e91788b3c7bf2a \
    --hash=sha256:82b4a8e6e4f9380b453ab5fa4382ea7ee91e628f9b8be89d9ad760b33fca3323 \
    --hash=sha256:87c73acda29f03ded74c7d2388f6efcbe45fa45a3f2bae4d85e1b5f1cc4cd9c1 \
    --hash=sha256:8881e9620bf0bf8303891e171feb03d6e86c75a05fb9325a09ae7fbf93093f4a \
    --hash=sha256:899b92afe3f775ab5867b9a8aa2850f81f2d95232db9b4ceec3456d69e6b8528 \
    --hash=sha256:990838ad66a052e72a50e69da500878710e3420e91717fe88bf3071995caba9e \
    --hash=sha256:acdf06a167933307608e7eba23a9490255933504df44c8de5f62c48656c29688 \
    --hash=sha256:ae1c6e1fd844b4d756b22eb6c0ed574ea4342ee206d807c4f903039e748228fa \
    --hash=sha256:afabb869e5fabeb704bd8147b22bf8139dee042e55fabd0d447a996428009e0c \
    --hash=sha256:b85bd20259b146abce5e0721ce1bfd8fd273efc904216aa3be178c31b6d34057 \
    --hash=sha256:c3bcccd15ef3fc6ac10bfa11630ba6dfe437d4fd1374a5b33f4773b7fee0f877 \
    --hash=sha256:caac1d48b967adb877da2abcaf82c28f0f908a7cc208a6a1bbe01bc69590816c \
    --hash=sha256:d72c136fd6e4b112bf154680290490da0aca60b7ddfc4163581c069c67016d4a \
    --hash=sha256:d9d07cddca201e25e2e219006a9d6cda10c7e9ee2c712c50d19d508f9ed8a888 \
    --hash=sha256:e4559603031ed371c5d86b1e9357fa49fb89236452e4b9bc429a0cf4a2fab05d \
    --hash=sha256:e51ae55569650e5381fd6e50c655ccf6368a9532f5720ea41396bb90e0247a21 \
    --hash=sha256:ebd5aea00374e3aad7a78de59058aca5e871a26a3c385cd0860ef1d685d03c9a
    # via -r requirements.txt
packaging==26.2 \
    --hash=sha256:5fc45236b9446107ff2415ce77c807cee2862cb6fac22b8a73826d0693b0980e \
    --hash=sha256:ff452ff5a3e828ce110190feff1178bb1f2ea2281fa2075aadb987c2fb221661
    # via
    #   pytest
    #   qtpy
pandas==3.0.3 \
    --hash=sha256:0383c72c75cdcca61a9e116e611143902dbfd08bff356829c2f6d1cf40a9ca8c \
    --hash=sha256:05f1f1752b8533ea03f7f39a9c15b1a058d067bb48f4748948e7a8691e0510f2 \
    --hash=sha256:08d789b41f87e0905880e293cedf6197ce71fe67cc081358b1e148a491b9bd13 \
    --hash=sha256:0d589105b3c14645af1738ff279b2995102d8f7a03b0a66dc8d95550eb513e04 \
    --hash=sha256:13fc1e853d9e04743d11ba75a985ccbc2a317fe07d8af61e445a6fd24dacd6a6 \
    --hash=sha256:14da8316da4d0c5a77618425996bfb1248ca87fc2c1486e6fde4652bd18b5824 \
    --hash=sha256:1928e07221f82db493cd4af1e23c1bfca524a19a4699887975bff68f49a72bfb \
    --hash=sha256:261e308dfb22448384b7580cf719d2f998fe2966c92893c3e77d14008af1f066 \
    --hash=sha256:275c14e0fce14a2ec20eee474aecd305478ea3c1e6f6a9d8fe219a165542717e \
    --hash=sha256:335f62418ed562cfc3c49e9e196375c28b729dcef8543abf4f9438e381bf3c76 \
    --hash=sha256:3650109c0f22879df8bd6179ab9ee3d7f1d1d4e7e0094a3f0032d9f51e2e64ac \
    --hash=sha256:39436b377d56d2a2e52d0395bdbee171f01068e99af5250509aceeb929f765c7 \
    --hash=sha256:3c20a521bbb85902f79f7270c80a59e1b5452d96d170c034f207181870f97ac5 \
    --hash=sha256:3e91cec1879ada0624fc3dc9953c5cbd60208e59c0db28f540c5d6d47502422f \
    --hash=sha256:455f6f8139d4282188f526868dbc3c828470e88a3d9d59a891bd46a455f21b98 \
    --hash=sha256:46997386d528eb40376ecd6b033cf4a8a1e5282580f68f43de875b78cba2199d \
    --hash=sha256:4db8c527972a821cf5286b40ccc57642a39bc62e62022b42f99f8a67fca8c3a1 \
    --hash=sha256:4e15135e2ee5df1063313e2425ceef8ac0f4ae775893815b0923651b806a5639 \
    --hash=sha256:51b1fe551acb77dac643c6fda86084d8d446c10fe64b06a9cc29c4cc8540e7f2 \
    --hash=sha256:557409bc4178e70ee8d9ddb494798e51ebf6ea59330f6be22c51bab2a7db6c49 \
    --hash=sha256:5cc09a68b3120e0f54870dede8287a7bb1fa463907e4fcec1ea77cab6179bf7a \
    --hash=sha256:60ae316d3fd75d1858d450d0db0103ea2be3e7d4a95ec2f064f7e2ae63f7b028 \
    --hash=sha256:6674ab18ad8c57802867264b00e15e7bb904700cdd9046e3b2fa1fce237439ea \
    --hash=sha256:67b3b64c11910cfa29f4e94a14d3bff9ee693b6fc76055e7cad549cee0aec5fa \
    --hash=sha256:696a4a00a2a2a35d4e5deb3fc946641b96c944f02230e4f76137fe35d806c4fc \
    --hash=sha256:6dc0b3fd2169c9157deed50b4d519553a3655c8c6a96027136d654592be973a9 \
    --hash=sha256:7e65d5407dc0b394f509699650e4a2ec01c0514f21850f453fa60f3be79a5dbf \
    --hash=sha256:819959dab7bbd0049c15623fbac4e29a191b9528160a61fb1032242d8ced2d9c \
    --hash=sha256:8a1e45c80cceb3b4a21bc5939d52e8cbd8d9b7305309219d59e9754d9ce09e27 \
    --hash=sha256:9c39be2d709d01fa972a0cabc522389fceca4f3969332ba25a7d6c5802cf976a \
    --hash=sha256:9d71c63ae4ebdbf70209742096f1fc46a83a0613c99d4b23766cced9ff8cd62a \
    --hash=sha256:a2d2dff8a04f3917b55ab3910c32990f8ddf7eceba114947838cefa976a68977 \
    --hash=sha256:a4eeb6830daf35a71cc09649bd823e2b542dac246cdee9614c6e4bd65028cd6a \
    --hash=sha256:a55066a0505dae0ba2b50a46637db34b46f9094c65c5d4800794ef6335010938 \
    --hash=sha256:a82d532a3351d435432cd913edbccaf8b8e01d4dd0e5ced5a8d2e8ecd94c7e44 \
    --hash=sha256:b168fc218fd80a6cbdbdbc1a97ddc7889ed057d7eb45f50d866ceab5f39904c4 \
    --hash=sha256:b2c95f8bfc1ee412bf482605d7bfd30c12d1d26bd59fdd91efeef1d4718decb1 \
    --hash=sha256:ba7e08b9ac1d54569cd1e256e3668975ed624d6826f7b68df0342b012007bddb \
    --hash=sha256:bab900348131a7db1f69a7309ef141fd5680f1487094193bcbbb61791573bf8f \
    --hash=sha256:bd3a518890b400d32f9023722dc9a9a5c969f00b415419a3c06c043f09bb5d7d \
    --hash=sha256:c7be265b62cef88e253a941e4698604973736dcfe242fdb5198f0f7bc473cdcc \
    --hash=sha256:d26cbe1fcfc12e8fd900e2454163e466b2d3af84f7c75481df7683ffc073d870 \
    --hash=sha256:d4be06d68f9ddcfc645b87534911da79a8fbffc7573c80e0edcf42a5020624d8 \
    --hash=sha256:d72828c20c6d6e83e1e22a6a3b47b326b71664112fa9705dcbccfd7a39b62085 \
    --hash=sha256:dd1a5d1def6a46002e964510bdc67c368aa0951df5d1d9f8365336f5a1f490cd \
    --hash=sha256:e3a2ec42c98ffa2565a67e08e218d06d72576d758d90facb7c00805194d8f360 \
    --hash=sha256:f8894dc474d648fe7b6ff0ca9b0bd73950d19952bc1a6534540762c5d79d305c \
    --hash=sha256:fed2ff7fd9779120e388e285fc029bd5cf9490cdd2e4166a9ee22c0e49a9ab09
    # via
    #   -r requirements.txt
    #   ortools
pluggy==1.6.0 \
    --hash=sha256:7dcc130b76258d33b90f61b658791dede3486c3e6bfb003ee5c9bfb396dd22f3 \
    --hash=sha256:e920276dd6813095e9377c0bc5566d94c932c33b27a3e3945d8389c374dd4746
    # via pytest
protobuf==6.33.6 \
    --hash=sha256:0cd27b587afca21b7cfa59a74dcbd48a50f0a6400cfb59391340ad729d91d326 \
    --hash=sha256:77179e006c476e69bf8e8ce866640091ec42e1beb80b213c3900006ecfba6901 \
    --hash=sha256:7d29d9b65f8afef196f8334e80d6bc1d5d4adedb449971fefd3723824e6e77d3 \
    --hash=sha256:9720e6961b251bde64edfdab7d500725a2af5280f3f4c87e57c0208376aa8c3a \
    --hash=sha256:a6768d25248312c297558af96a9f9c929e8c4cee0659cb07e780731095f38135 \
    --hash=sha256:bd56799fb262994b2c2faa1799693c95cc2e22c62f56fb43af311cae45d26f0e \
    --hash=sha256:c96c37eec15086b79762ed265d59ab204dabc53056e3443e702d2681f4b39ce3 \
    --hash=sha256:e2afbae9b8e1825e3529f88d514754e094278bb95eadc0e199751cdd9a2e82a2 \
    --hash=sha256:e9db7e292e0ab79dd108d7f1a94fe31601ce1ee3f7b79e0692043423020b0593 \
    --hash=sha256:f443a394af5ed23672bc6c486be138628fbe5c651ccbc536873d7da23d1868cf
    # via ortools
proxy-tools==0.1.0 \
    --hash=sha256:ccb3751f529c047e2d8a58440d86b205303cf0fe8146f784d1cbcd94f0a28010
    # via pywebview
pycparser==3.0 ; implementation_name != 'PyPy' and sys_platform == 'win32' \
    --hash=sha256:600f49d217304a5902ac3c37e1281c9fe94e4d0489de643a9504c5cdfdfc6b29 \
    --hash=sha256:b727414169a36b7d524c1c3e31839a521725078d7b2ff038656844266160a992
    # via cffi
pygments==2.20.0 \
    --hash=sha256:6757cd03768053ff99f3039c1a36d6c0aa0b263438fcab17520b30a303a82b5f \
    --hash=sha256:81a9e26dd42fd28a23a2d169d86d7ac03b46e2f8b59ed4698fb4785f946d0176
    # via pytest
pyobjc-core==12.2 ; sys_platform == 'darwin' \
    --hash=sha256:17b4e003af384d3086c2f39989a0b282c5755dd1066f331cf7c9fa65febe22ce \
    --hash=sha256:1e4216f2ec962dc13cf7f31b9bc3a7190337a0f401e7dc9de6b2d8c08b9dbb7a \
    --hash=sha256:3137b2d14f9f2154fb5b1c092c38d15e164f68ab190c18335d76e4e7e1583f79 \
    --hash=sha256:45fffb2b8dc0ae4480386429bd1e7fa8aabeb2eec81816d6971b33936dfcfff8 \
    --hash=sha256:515ecf2afe168301feb66a7230d700584ce2e4b8a0ac178e19450b8898384139 \
    --hash=sha256:51d7de4cfa32f508c6a7aac31f131b12d5e196a8dcf588e6e8d7e6337224f66d \
    --hash=sha256:7677ed758a367bbbb5589d6f5276fb360a45c89168276c26162f61840b0fa03d \
    --hash=sha256:9287c7c46d6ae8676b4c6c0389a8f4b5381f42ae53a47151900c08b157e5a992 \
    --hash=sha256:a51352e478785cd7fce1604b9902125a286139caea0759cb340e59d75b594992 \
    --hash=sha256:ac952bac8057dd0b97ee7b311c39f97cad7430b7cfbd67ca0a30135a7d17d2ab
    # via
    #   pyobjc-framework-cocoa
    #   pyobjc-framework-quartz
    #   pyobjc-framework-security
    #   pyobjc-framework-uniformtypeidentifiers
    #   pyobjc-framework-webkit
    #   pywebview
pyobjc-framework-cocoa==12.2 ; sys_platform == 'darwin' \
    --hash=sha256:06cb92d97d1af9d1f459ae6cf1d1a7b824c12d3aff1b709885966acd6b7208c2 \
    --hash=sha256:0bb7cd468ca89bbc2d1d8acb930b4f4fdce8826de30a66608fc28f8880c1f6a6 \
    --hash=sha256:20b392e2b7241caad0538dfde12143343e5dfe48f72e7df660a7548e635903dc \
    --hash=sha256:290e544a8c2d0786a34a359d825eaad44ebaaa3b30cdd765b2755422ca39a0d2 \
    --hash=sha256:46b6681e2b21b099ed095339c140f2c8137d6ac5658653166ee90722f9e3c621 \
    --hash=sha256:5a0bed77b0b56074cc2b4564aae3e6e9d5da5fdf93252f50b6dbced0f7fece3a \
    --hash=sha256:a2efad455ded551d1a033fd22245d57b71b6c065e8b52158dceed1611b5ae033 \
    --hash=sha256:aecfd44908fa12a9291fb6ca2458ebbc611102de6784f2202a35fd5ed9f56c60 \
    --hash=sha256:ef679740f541c52118149b558b757d1f11d9dcf30c2a23344b13a6af6a99a1ab \
    --hash=sha256:f0bbe0abedfb24b11ff6c71e26cdefb0df001c6482f95591fad40c2688c16498
    # via
    #   pyobjc-framework-quartz
    #   pyobjc-framework-security
    #   pyobjc-framework-uniformtypeidentifiers
    #   pyobjc-framework-webkit
    #   pywebview
pyobjc-framework-quartz==12.2 ; sys_platform == 'darwin' \
    --hash=sha256:08f7c7b42de70875cee15f4d0e217471e382ffac44d0a5bcfd30f583b9b41adb \
    --hash=sha256:214c19aadfd100d9202994a22fbced804f7d60f8473de6f292111cc1668f9373 \
    --hash=sha256:2dec68f8d5b42030fb0f44bf1169a208318393f216a68048b4336649d877293a \
    --hash=sha256:359738c88b12427a30d73a3d202002ab910e31eebf6bee4550495ec8aa64a004 \
    --hash=sha256:4e0634ee9782e480587a074d1d08867fa7ef0d845c2f6cbaef6a48b7d2c3899f \
    --hash=sha256:57553e7085191f9421ec78fe57a8a0c8462e39d675014ac1e4b389381f04535a \
    --hash=sha256:6fbd127d864108103d4980292ffca32bd9c1e5f643e0abd5773fdde2918afaca \
    --hash=sha256:8b238979d62b6e0b90d466477eee968d8f2f6720e850af2472e01cef349293b4 \
    --hash=sha256:96201eb37192fde3abac348adacfc2d4e8af4e76d42752664d1e515f1db5d929 \
    --hash=sha256:b343395d4790323b0376fe20c83ac468510ba19f65429323ca211708c939d107
    # via pywebview
pyobjc-framework-security==12.2 ; sys_platform == 'darwin' \
    --hash=sha256:10f03ed38e915f823640cbc19d5a921ee29ae266f0d76a2910c53fcd7cd61447 \
    --hash=sha256:448b9658b59bcf56f4bcdf9345592fb719db711cb0f490f75cdffc82121b7c8f \
    --hash=sha256:65845ed21358e07544b57adebcf0b18de80afcc51c9c1da705689e35aa33d9f9 \
    --hash=sha256:703b8544d2623a854f438b13ef4561402e6228eacfb0f0b2cbf28d2704815f44 \
    --hash=sha256:817986dfa66e5a323ada063f4af52e699e7ac58aeea054a54344f2ad5af9683b \
    --hash=sha256:92c4814f722aa0673757ac50a46c4fa3b934e22da2acca6d57ecf346e744c5db \
    --hash=sha256:a837738a85884518fa7d50de4b88c1df0fcc67241a05dec1b36272cb3aa37e22 \
    --hash=sha256:e1ffef0aff259884e728cdf4105610c462eeb7f9f624a670c24ca47cb4744eef \
    --hash=sha256:ece714c9d18e7d8c4b8d1222133d7c3db52b2166b651e2ded57f77e99d59ae40 \
    --hash=sha256:ef4d2d852a09360929e284c6f355964d84ac88b170207de1ac299fa1e1c33e40
    # via pywebview
pyobjc-framework-uniformtypeidentifiers==12.2 ; sys_platform == 'darwin' \
    --hash=sha256:19cc82f1bbf3bc0999597779711422f6c9d7340634d699ae64d9bc7c0d79f984 \
    --hash=sha256:f140a378cfe6a8ca47ce3b04fd5a4c4bec1fcbedac8acc87e2c18985bb805203
    # via pywebview
pyobjc-framework-webkit==12.2 ; sys_platform == 'darwin' \
    --hash=sha256:2b5343662bc2d03fce3dad516b71b06a23ca5c1fec92fb56a407f8fa2e09691e \
    --hash=sha256:43a18df9a8d6b6f1f003a732eee0a0fcd01c2d31566be2b2ba8ee732c1a32cf9 \
    --hash=sha256:498353fe812006f7fe2829a679018fcff3ed2684aa31c08d8a8af929ee9283b6 \
    --hash=sha256:50dbd5210f80c7834b1af2b675712f6134217d713f2b2a8d9f96cf29be6ec8f0 \
    --hash=sha256:6cba6e76e33c62369d0fa8cb4b83959db4c53888173cb3546a15cd998c8e8aec \
    --hash=sha256:751f3138441c81fdddc555f0bd31f5f3ad3ec72ae2ed626af24925ce32054353 \
    --hash=sha256:9fafcbf5a071cf9ad3fbc28155a99287ff9dc9efcaa41fe3ed3d79b6e5576450 \
    --hash=sha256:a31e87a68bcff0d633f05105df4582fba6c85cae1e5e2529dec957e833bc63cc \
    --hash=sha256:bd1e0f6f340a5516c853aa59fde381e002f2c109ae64a05ad4e99a2b74375fcb \
    --hash=sha256:e8895b2cbc8b5d4c1475a3094771d3b8e6dbbd19ec3200922b1cd91d649e8043
    # via pywebview
pytest==9.0.3 \
    --hash=sha256:2c5efc453d45394fdd706ade797c0a81091eccd1d6e4bccfcd476e2b8e0ab5d9 \
    --hash=sha256:b86ada508af81d19edeb213c681b1d48246c1a91d304c6c81a427674c17eb91c
    # via -r requirements.txt
python-dateutil==2.9.0.post0 \
    --hash=sha256:37dd54208da7e1cd875388217d5e00ebd4179249f90fb72437e91a35459a0ad3 \
    --hash=sha256:a8b2bc7bffae282281c8140a97d3aa9c14da0b136dfe83f850eea9a5f7470427
    # via pandas
pythonnet==3.1.0 ; sys_platform == 'win32' \
    --hash=sha256:698dd88edc198819ad63b624a6ebe76208c7b46e4fe13626f65e484f0358d6ba \
    --hash=sha256:7b34c382905d10a371509ffafd64cae0416305c28817738a9cd138336f4e9991 \
    --hash=sha256:7bdd4de03df3547a48122a3989265c8b31d5be0d19dadffa009eec7df8085e0b
    # via pywebview
pywebview==6.2.1 \
    --hash=sha256:71b7136752e40824655304d938efb62014218d1a90bd8e87e1cbdb1ce9c466af \
    --hash=sha256:9d07275f53894ab4d5e2e0e996227193e7187dec276d9b624dccbce029216b46
    # via -r requirements.txt
qtpy==2.4.3 ; sys_platform == 'openbsd6' \
    --hash=sha256:72095afe13673e017946cc258b8d5da43314197b741ed2890e563cf384b51aa1 \
    --hash=sha256:db744f7832e6d3da90568ba6ccbca3ee2b3b4a890c3d6fbbc63142f6e4cdf5bb
    # via pywebview
six==1.17.0 \
    --hash=sha256:4721f391ed90541fddacab5acf947aa0d3dc7d27b2e1e8eda2be8970586c3274 \
    --hash=sha256:ff70335d468e7eb6ec65b95b99d3a2836546063f63acc5171de367e834932a81
    # via python-dateutil
typing-extensions==4.15.0 \
    --hash=sha256:0cea48d173cc12fa28ecabc3b837ea3cf6f38c6d1136f85cbaaf598984861466 \
    --hash=sha256:f0fa19c6845758ab08074a0cfa8b7aecb71c999ca73d62883bc25cc018c4e548
    # via
    #   anyio
    #   ortools
    #   pywebview
tzdata==2026.2 ; sys_platform == 'emscripten' or sys_platform == 'win32' \
    --hash=sha256:9173fde7d80d9018e02a662e168e5a2d04f87c41ea174b139fbef642eda62d10 \
    --hash=sha256:bbe9af844f658da81a5f95019480da3a89415801f6cc966806612cc7169bffe7
    # via pandas
